
Microsoft Visual Studio Solution File, Format Version 12.00
# Visual Studio Version 17
VisualStudioVersion = 17.3.32929.385
MinimumVisualStudioVersion = 10.0.40219.1
Project("{FAE04EC0-301F-11D3-BF4B-00C04F79EFBC}") = "ImgOps", "ImgOps.csproj", "{804802F3-99AC-4C2B-901F-78EF15C9CE93}"
EndProject
Global
	GlobalSection(SolutionConfigurationPlatforms) = preSolution
		Debug|Any CPU = Debug|Any CPU
		Release|Any CPU = Release|Any CPU
	EndGlobalSection
	GlobalSection(ProjectConfigurationPlatforms) = postSolution
		{804802F3-99AC-4C2B-901F-78EF15C9CE93}.Debug|Any CPU.ActiveCfg = Debug|Any CPU
		{804802F3-99AC-4C2B-901F-78EF15C9CE93}.Debug|Any CPU.Build.0 = Debug|Any CPU
		{804802F3-99AC-4C2B-901F-78EF15C9CE93}.Release|Any CPU.ActiveCfg = Release|Any CPU
		{804802F3-99AC-4C2B-901F-78EF15C9CE93}.Release|Any CPU.Build.0 = Release|Any CPU
	EndGlobalSection
	GlobalSection(SolutionProperties) = preSolution
		HideSolutionNode = FALSE
	EndGlobalSection
	GlobalSection(ExtensibilityGlobals) = postSolution
		SolutionGuid = {A2A78C7D-FA78-4685-ABB4-50D8A2961FFF}
	EndGlobalSection
EndGlobal
